// !$*UTF8*$!
{
	archiveVersion = 1;
	classes = {
	};
	objectVersion = 46;
	objects = {

/* Begin PBXBuildFile section */
		DB4E4D101CD4D31E00B72326 /* ClothesSetViewController.swift in Sources */ = {isa = PBXBuildFile; fileRef = DB4E4D0F1CD4D31E00B72326 /* ClothesSetViewController.swift */; };
		DB4E4D131CD4ED4000B72326 /* ClothSource.swift in Sources */ = {isa = PBXBuildFile; fileRef = DB4E4D121CD4ED4000B72326 /* ClothSource.swift */; };
		DB4E4D161CD4ED4F00B72326 /* DesignViewController.swift in Sources */ = {isa = PBXBuildFile; fileRef = DB4E4D141CD4ED4F00B72326 /* DesignViewController.swift */; };
		DB4E4D171CD4ED4F00B72326 /* HomeViewController.swift in Sources */ = {isa = PBXBuildFile; fileRef = DB4E4D151CD4ED4F00B72326 /* HomeViewController.swift */; };
		DB4E4D1A1CD4ED5F00B72326 /* BottomChooseView.xib in Resources */ = {isa = PBXBuildFile; fileRef = DB4E4D181CD4ED5F00B72326 /* BottomChooseView.xib */; };
		DB4E4D1B1CD4ED5F00B72326 /* ClothSourceCell.xib in Resources */ = {isa = PBXBuildFile; fileRef = DB4E4D191CD4ED5F00B72326 /* ClothSourceCell.xib */; };
		DB4E4D1E1CD4ED7400B72326 /* BottomChooseView.swift in Sources */ = {isa = PBXBuildFile; fileRef = DB4E4D1C1CD4ED7400B72326 /* BottomChooseView.swift */; };
		DB4E4D1F1CD4ED7400B72326 /* ClothSourceCell.swift in Sources */ = {isa = PBXBuildFile; fileRef = DB4E4D1D1CD4ED7400B72326 /* ClothSourceCell.swift */; };
		DB4E4D211CD4ED9600B72326 /* CustomButton.swift in Sources */ = {isa = PBXBuildFile; fileRef = DB4E4D201CD4ED9600B72326 /* CustomButton.swift */; };
		DB503A2D1CCE50020090F3B1 /* AppDelegate.swift in Sources */ = {isa = PBXBuildFile; fileRef = DB503A1D1CCE50020090F3B1 /* AppDelegate.swift */; };
		DB503A2E1CCE50020090F3B1 /* Assets.xcassets in Resources */ = {isa = PBXBuildFile; fileRef = DB503A1E1CCE50020090F3B1 /* Assets.xcassets */; };
		DB503A2F1CCE50020090F3B1 /* LaunchScreen.storyboard in Resources */ = {isa = PBXBuildFile; fileRef = DB503A1F1CCE50020090F3B1 /* LaunchScreen.storyboard */; };
		DB503A301CCE50020090F3B1 /* Main.storyboard in Resources */ = {isa = PBXBuildFile; fileRef = DB503A211CCE50020090F3B1 /* Main.storyboard */; };
		DB503A381CCE50020090F3B1 /* Info.plist in Resources */ = {isa = PBXBuildFile; fileRef = DB503A2A1CCE50020090F3B1 /* Info.plist */; };
		DB5048B91CDE23CF00B2F811 /* design_model_butterfly.svg in Resources */ = {isa = PBXBuildFile; fileRef = DB5048971CDE23CF00B2F811 /* design_model_butterfly.svg */; };
		DB5048BA1CDE23CF00B2F811 /* design_model_circle.svg in Resources */ = {isa = PBXBuildFile; fileRef = DB5048981CDE23CF00B2F811 /* design_model_circle.svg */; };
		DB5048BB1CDE23CF00B2F811 /* design_model_circle_water.svg in Resources */ = {isa = PBXBuildFile; fileRef = DB5048991CDE23CF00B2F811 /* design_model_circle_water.svg */; };
		DB5048BC1CDE23CF00B2F811 /* design_model_five_triangle.svg in Resources */ = {isa = PBXBuildFile; fileRef = DB50489A1CDE23CF00B2F811 /* design_model_five_triangle.svg */; };
		DB5048BD1CDE23CF00B2F811 /* design_model_flag.svg in Resources */ = {isa = PBXBuildFile; fileRef = DB50489B1CDE23CF00B2F811 /* design_model_flag.svg */; };
		DB5048BE1CDE23CF00B2F811 /* design_model_flower_1.svg in Resources */ = {isa = PBXBuildFile; fileRef = DB50489C1CDE23CF00B2F811 /* design_model_flower_1.svg */; };
		DB5048BF1CDE23CF00B2F811 /* design_model_flower_2.svg in Resources */ = {isa = PBXBuildFile; fileRef = DB50489D1CDE23CF00B2F811 /* design_model_flower_2.svg */; };
		DB5048C01CDE23CF00B2F811 /* design_model_flower_3.svg in Resources */ = {isa = PBXBuildFile; fileRef = DB50489E1CDE23CF00B2F811 /* design_model_flower_3.svg */; };
		DB5048C11CDE23CF00B2F811 /* design_model_heart_ballon.svg in Resources */ = {isa = PBXBuildFile; fileRef = DB50489F1CDE23CF00B2F811 /* design_model_heart_ballon.svg */; };
		DB5048C21CDE23CF00B2F811 /* design_model_jigsaw.svg in Resources */ = {isa = PBXBuildFile; fileRef = DB5048A01CDE23CF00B2F811 /* design_model_jigsaw.svg */; };
		DB5048C31CDE23CF00B2F811 /* design_model_leaves_1.svg in Resources */ = {isa = PBXBuildFile; fileRef = DB5048A11CDE23CF00B2F811 /* design_model_leaves_1.svg */; };
		DB5048C41CDE23CF00B2F811 /* design_model_love.svg in Resources */ = {isa = PBXBuildFile; fileRef = DB5048A21CDE23CF00B2F811 /* design_model_love.svg */; };
		DB5048C51CDE23CF00B2F811 /* design_model_maple_leaf.svg in Resources */ = {isa = PBXBuildFile; fileRef = DB5048A31CDE23CF00B2F811 /* design_model_maple_leaf.svg */; };
		DB5048C61CDE23CF00B2F811 /* design_model_mickey.svg in Resources */ = {isa = PBXBuildFile; fileRef = DB5048A41CDE23CF00B2F811 /* design_model_mickey.svg */; };
		DB5048C71CDE23CF00B2F811 /* design_model_mirror.svg in Resources */ = {isa = PBXBuildFile; fileRef = DB5048A51CDE23CF00B2F811 /* design_model_mirror.svg */; };
		DB5048C81CDE23CF00B2F811 /* design_model_paint.svg in Resources */ = {isa = PBXBuildFile; fileRef = DB5048A61CDE23CF00B2F811 /* design_model_paint.svg */; };
		DB5048C91CDE23CF00B2F811 /* design_model_shape_1.svg in Resources */ = {isa = PBXBuildFile; fileRef = DB5048A71CDE23CF00B2F811 /* design_model_shape_1.svg */; };
		DB5048CA1CDE23CF00B2F811 /* design_model_shape_2.svg in Resources */ = {isa = PBXBuildFile; fileRef = DB5048A81CDE23CF00B2F811 /* design_model_shape_2.svg */; };
		DB5048CB1CDE23CF00B2F811 /* design_model_shape_3.svg in Resources */ = {isa = PBXBuildFile; fileRef = DB5048A91CDE23CF00B2F811 /* design_model_shape_3.svg */; };
		DB5048CC1CDE23CF00B2F811 /* design_model_sign.svg in Resources */ = {isa = PBXBuildFile; fileRef = DB5048AA1CDE23CF00B2F811 /* design_model_sign.svg */; };
		DB5048CD1CDE23CF00B2F811 /* design_model_six_triangle.svg in Resources */ = {isa = PBXBuildFile; fileRef = DB5048AB1CDE23CF00B2F811 /* design_model_six_triangle.svg */; };
		DB5048CE1CDE23CF00B2F811 /* design_model_snail.svg in Resources */ = {isa = PBXBuildFile; fileRef = DB5048AC1CDE23CF00B2F811 /* design_model_snail.svg */; };
		DB5048CF1CDE23CF00B2F811 /* design_model_snow_flower.svg in Resources */ = {isa = PBXBuildFile; fileRef = DB5048AD1CDE23CF00B2F811 /* design_model_snow_flower.svg */; };
		DB5048D01CDE23CF00B2F811 /* design_model_spider.svg in Resources */ = {isa = PBXBuildFile; fileRef = DB5048AE1CDE23CF00B2F811 /* design_model_spider.svg */; };
		DB5048D11CDE23CF00B2F811 /* design_model_spill_ink.svg in Resources */ = {isa = PBXBuildFile; fileRef = DB5048AF1CDE23CF00B2F811 /* design_model_spill_ink.svg */; };
		DB5048D21CDE23CF00B2F811 /* design_model_swing.svg in Resources */ = {isa = PBXBuildFile; fileRef = DB5048B01CDE23CF00B2F811 /* design_model_swing.svg */; };
		DB5048D31CDE23CF00B2F811 /* design_model_text_1.svg in Resources */ = {isa = PBXBuildFile; fileRef = DB5048B11CDE23CF00B2F811 /* design_model_text_1.svg */; };
		DB5048D41CDE23CF00B2F811 /* design_model_text_2.svg in Resources */ = {isa = PBXBuildFile; fileRef = DB5048B21CDE23CF00B2F811 /* design_model_text_2.svg */; };
		DB5048D51CDE23CF00B2F811 /* design_model_text_3.svg in Resources */ = {isa = PBXBuildFile; fileRef = DB5048B31CDE23CF00B2F811 /* design_model_text_3.svg */; };
		DB5048D61CDE23CF00B2F811 /* design_model_tie.svg in Resources */ = {isa = PBXBuildFile; fileRef = DB5048B41CDE23CF00B2F811 /* design_model_tie.svg */; };
		DB5048D71CDE23CF00B2F811 /* design_model_tree.svg in Resources */ = {isa = PBXBuildFile; fileRef = DB5048B51CDE23CF00B2F811 /* design_model_tree.svg */; };
		DB5048D81CDE23CF00B2F811 /* design_model_urban_shadow_1.svg in Resources */ = {isa = PBXBuildFile; fileRef = DB5048B61CDE23CF00B2F811 /* design_model_urban_shadow_1.svg */; };
		DB5048D91CDE23CF00B2F811 /* design_model_urban_shadow_2.svg in Resources */ = {isa = PBXBuildFile; fileRef = DB5048B71CDE23CF00B2F811 /* design_model_urban_shadow_2.svg */; };
		DB5048DA1CDE23CF00B2F811 /* design_model_wifi.svg in Resources */ = {isa = PBXBuildFile; fileRef = DB5048B81CDE23CF00B2F811 /* design_model_wifi.svg */; };
		DB5048F01CDE32D300B2F811 /* ScaleRotateImageView.swift in Sources */ = {isa = PBXBuildFile; fileRef = DB5048EF1CDE32D300B2F811 /* ScaleRotateImageView.swift */; };
		DB5048F21CDE330200B2F811 /* ScaleRotateImageView.xib in Resources */ = {isa = PBXBuildFile; fileRef = DB5048F11CDE330200B2F811 /* ScaleRotateImageView.xib */; };
		DB7A5DED1CE4CE6400898141 /* SnapKit.framework in CopyFiles */ = {isa = PBXBuildFile; fileRef = DB7A5DE01CE4CE4700898141 /* SnapKit.framework */; settings = {ATTRIBUTES = (CodeSignOnCopy, RemoveHeadersOnCopy, ); }; };
/* End PBXBuildFile section */

/* Begin PBXContainerItemProxy section */
		DB7A5DDF1CE4CE4700898141 /* PBXContainerItemProxy */ = {
			isa = PBXContainerItemProxy;
			containerPortal = DB7A5DD61CE4CE4700898141 /* SnapKit.xcodeproj */;
			proxyType = 2;
			remoteGlobalIDString = EEBCC9D819CC627D0083B827;
			remoteInfo = "SnapKit iOS";
		};
		DB7A5DE11CE4CE4700898141 /* PBXContainerItemProxy */ = {
			isa = PBXContainerItemProxy;
			containerPortal = DB7A5DD61CE4CE4700898141 /* SnapKit.xcodeproj */;
			proxyType = 2;
			remoteGlobalIDString = 537DCE921C35CC8800B5B899;
			remoteInfo = "SnapKit tvOS";
		};
		DB7A5DE31CE4CE4700898141 /* PBXContainerItemProxy */ = {
			isa = PBXContainerItemProxy;
			containerPortal = DB7A5DD61CE4CE4700898141 /* SnapKit.xcodeproj */;
			proxyType = 2;
			remoteGlobalIDString = EECDB37A1AC0C9D4006BBC11;
			remoteInfo = "SnapKit OSX";
		};
		DB7A5DE51CE4CE4700898141 /* PBXContainerItemProxy */ = {
			isa = PBXContainerItemProxy;
			containerPortal = DB7A5DD61CE4CE4700898141 /* SnapKit.xcodeproj */;
			proxyType = 2;
			remoteGlobalIDString = EEBCC9E219CC627E0083B827;
			remoteInfo = "SnapKit iOS Tests";
		};
		DB7A5DE71CE4CE4700898141 /* PBXContainerItemProxy */ = {
			isa = PBXContainerItemProxy;
			containerPortal = DB7A5DD61CE4CE4700898141 /* SnapKit.xcodeproj */;
			proxyType = 2;
			remoteGlobalIDString = 537DCEAF1C35D90A00B5B899;
			remoteInfo = "SnapKit tvOS Tests";
		};
		DB7A5DE91CE4CE4700898141 /* PBXContainerItemProxy */ = {
			isa = PBXContainerItemProxy;
			containerPortal = DB7A5DD61CE4CE4700898141 /* SnapKit.xcodeproj */;
			proxyType = 2;
			remoteGlobalIDString = EECDB3841AC0C9D4006BBC11;
			remoteInfo = "SnapKit OSX Tests";
		};
		DB7A5DEB1CE4CE5C00898141 /* PBXContainerItemProxy */ = {
			isa = PBXContainerItemProxy;
			containerPortal = DB7A5DD61CE4CE4700898141 /* SnapKit.xcodeproj */;
			proxyType = 1;
			remoteGlobalIDString = EEBCC9D719CC627D0083B827;
			remoteInfo = "SnapKit iOS";
		};
/* End PBXContainerItemProxy section */

/* Begin PBXCopyFilesBuildPhase section */
		DBBEEBF41CE4C7A5006B99B3 /* CopyFiles */ = {
			isa = PBXCopyFilesBuildPhase;
			buildActionMask = 2147483647;
			dstPath = "";
			dstSubfolderSpec = 10;
			files = (
				DB7A5DED1CE4CE6400898141 /* SnapKit.framework in CopyFiles */,
			);
			runOnlyForDeploymentPostprocessing = 0;
		};
/* End PBXCopyFilesBuildPhase section */

/* Begin PBXFileReference section */
		DB4E4D0F1CD4D31E00B72326 /* ClothesSetViewController.swift */ = {isa = PBXFileReference; fileEncoding = 4; lastKnownFileType = sourcecode.swift; path = ClothesSetViewController.swift; sourceTree = "<group>"; };
		DB4E4D121CD4ED4000B72326 /* ClothSource.swift */ = {isa = PBXFileReference; fileEncoding = 4; lastKnownFileType = sourcecode.swift; path = ClothSource.swift; sourceTree = "<group>"; };
		DB4E4D141CD4ED4F00B72326 /* DesignViewController.swift */ = {isa = PBXFileReference; fileEncoding = 4; lastKnownFileType = sourcecode.swift; path = DesignViewController.swift; sourceTree = "<group>"; };
		DB4E4D151CD4ED4F00B72326 /* HomeViewController.swift */ = {isa = PBXFileReference; fileEncoding = 4; lastKnownFileType = sourcecode.swift; path = HomeViewController.swift; sourceTree = "<group>"; };
		DB4E4D181CD4ED5F00B72326 /* BottomChooseView.xib */ = {isa = PBXFileReference; fileEncoding = 4; lastKnownFileType = file.xib; path = BottomChooseView.xib; sourceTree = "<group>"; };
		DB4E4D191CD4ED5F00B72326 /* ClothSourceCell.xib */ = {isa = PBXFileReference; fileEncoding = 4; lastKnownFileType = file.xib; path = ClothSourceCell.xib; sourceTree = "<group>"; };
		DB4E4D1C1CD4ED7400B72326 /* BottomChooseView.swift */ = {isa = PBXFileReference; fileEncoding = 4; lastKnownFileType = sourcecode.swift; path = BottomChooseView.swift; sourceTree = "<group>"; };
		DB4E4D1D1CD4ED7400B72326 /* ClothSourceCell.swift */ = {isa = PBXFileReference; fileEncoding = 4; lastKnownFileType = sourcecode.swift; path = ClothSourceCell.swift; sourceTree = "<group>"; };
		DB4E4D201CD4ED9600B72326 /* CustomButton.swift */ = {isa = PBXFileReference; fileEncoding = 4; lastKnownFileType = sourcecode.swift; path = CustomButton.swift; sourceTree = "<group>"; };
		DB503A1D1CCE50020090F3B1 /* AppDelegate.swift */ = {isa = PBXFileReference; fileEncoding = 4; lastKnownFileType = sourcecode.swift; path = AppDelegate.swift; sourceTree = "<group>"; };
		DB503A1E1CCE50020090F3B1 /* Assets.xcassets */ = {isa = PBXFileReference; lastKnownFileType = folder.assetcatalog; path = Assets.xcassets; sourceTree = "<group>"; };
		DB503A201CCE50020090F3B1 /* Base */ = {isa = PBXFileReference; lastKnownFileType = file.storyboard; name = Base; path = Base.lproj/LaunchScreen.storyboard; sourceTree = "<group>"; };
		DB503A221CCE50020090F3B1 /* Base */ = {isa = PBXFileReference; lastKnownFileType = file.storyboard; name = Base; path = Base.lproj/Main.storyboard; sourceTree = "<group>"; };
		DB503A2A1CCE50020090F3B1 /* Info.plist */ = {isa = PBXFileReference; fileEncoding = 4; lastKnownFileType = text.plist.xml; path = Info.plist; sourceTree = "<group>"; };
		DB5048971CDE23CF00B2F811 /* design_model_butterfly.svg */ = {isa = PBXFileReference; fileEncoding = 4; lastKnownFileType = text.xml; path = design_model_butterfly.svg; sourceTree = "<group>"; };
		DB5048981CDE23CF00B2F811 /* design_model_circle.svg */ = {isa = PBXFileReference; fileEncoding = 4; lastKnownFileType = text.xml; path = design_model_circle.svg; sourceTree = "<group>"; };
		DB5048991CDE23CF00B2F811 /* design_model_circle_water.svg */ = {isa = PBXFileReference; fileEncoding = 4; lastKnownFileType = text.xml; path = design_model_circle_water.svg; sourceTree = "<group>"; };
		DB50489A1CDE23CF00B2F811 /* design_model_five_triangle.svg */ = {isa = PBXFileReference; fileEncoding = 4; lastKnownFileType = text.xml; path = design_model_five_triangle.svg; sourceTree = "<group>"; };
		DB50489B1CDE23CF00B2F811 /* design_model_flag.svg */ = {isa = PBXFileReference; fileEncoding = 4; lastKnownFileType = text.xml; path = design_model_flag.svg; sourceTree = "<group>"; };
		DB50489C1CDE23CF00B2F811 /* design_model_flower_1.svg */ = {isa = PBXFileReference; fileEncoding = 4; lastKnownFileType = text.xml; path = design_model_flower_1.svg; sourceTree = "<group>"; };
		DB50489D1CDE23CF00B2F811 /* design_model_flower_2.svg */ = {isa = PBXFileReference; fileEncoding = 4; lastKnownFileType = text.xml; path = design_model_flower_2.svg; sourceTree = "<group>"; };
		DB50489E1CDE23CF00B2F811 /* design_model_flower_3.svg */ = {isa = PBXFileReference; fileEncoding = 4; lastKnownFileType = text.xml; path = design_model_flower_3.svg; sourceTree = "<group>"; };
		DB50489F1CDE23CF00B2F811 /* design_model_heart_ballon.svg */ = {isa = PBXFileReference; fileEncoding = 4; lastKnownFileType = text.xml; path = design_model_heart_ballon.svg; sourceTree = "<group>"; };
		DB5048A01CDE23CF00B2F811 /* design_model_jigsaw.svg */ = {isa = PBXFileReference; fileEncoding = 4; lastKnownFileType = text.xml; path = design_model_jigsaw.svg; sourceTree = "<group>"; };
		DB5048A11CDE23CF00B2F811 /* design_model_leaves_1.svg */ = {isa = PBXFileReference; fileEncoding = 4; lastKnownFileType = text.xml; path = design_model_leaves_1.svg; sourceTree = "<group>"; };
		DB5048A21CDE23CF00B2F811 /* design_model_love.svg */ = {isa = PBXFileReference; fileEncoding = 4; lastKnownFileType = text.xml; path = design_model_love.svg; sourceTree = "<group>"; };
		DB5048A31CDE23CF00B2F811 /* design_model_maple_leaf.svg */ = {isa = PBXFileReference; fileEncoding = 4; lastKnownFileType = text.xml; path = design_model_maple_leaf.svg; sourceTree = "<group>"; };
		DB5048A41CDE23CF00B2F811 /* design_model_mickey.svg */ = {isa = PBXFileReference; fileEncoding = 4; lastKnownFileType = text.xml; path = design_model_mickey.svg; sourceTree = "<group>"; };
		DB5048A51CDE23CF00B2F811 /* design_model_mirror.svg */ = {isa = PBXFileReference; fileEncoding = 4; lastKnownFileType = text.xml; path = design_model_mirror.svg; sourceTree = "<group>"; };
		DB5048A61CDE23CF00B2F811 /* design_model_paint.svg */ = {isa = PBXFileReference; fileEncoding = 4; lastKnownFileType = text.xml; path = design_model_paint.svg; sourceTree = "<group>"; };
		DB5048A71CDE23CF00B2F811 /* design_model_shape_1.svg */ = {isa = PBXFileReference; fileEncoding = 4; lastKnownFileType = text.xml; path = design_model_shape_1.svg; sourceTree = "<group>"; };
		DB5048A81CDE23CF00B2F811 /* design_model_shape_2.svg */ = {isa = PBXFileReference; fileEncoding = 4; lastKnownFileType = text.xml; path = design_model_shape_2.svg; sourceTree = "<group>"; };
		DB5048A91CDE23CF00B2F811 /* design_model_shape_3.svg */ = {isa = PBXFileReference; fileEncoding = 4; lastKnownFileType = text.xml; path = design_model_shape_3.svg; sourceTree = "<group>"; };
		DB5048AA1CDE23CF00B2F811 /* design_model_sign.svg */ = {isa = PBXFileReference; fileEncoding = 4; lastKnownFileType = text.xml; path = design_model_sign.svg; sourceTree = "<group>"; };
		DB5048AB1CDE23CF00B2F811 /* design_model_six_triangle.svg */ = {isa = PBXFileReference; fileEncoding = 4; lastKnownFileType = text.xml; path = design_model_six_triangle.svg; sourceTree = "<group>"; };
		DB5048AC1CDE23CF00B2F811 /* design_model_snail.svg */ = {isa = PBXFileReference; fileEncoding = 4; lastKnownFileType = text.xml; path = design_model_snail.svg; sourceTree = "<group>"; };
		DB5048AD1CDE23CF00B2F811 /* design_model_snow_flower.svg */ = {isa = PBXFileReference; fileEncoding = 4; lastKnownFileType = text.xml; path = design_model_snow_flower.svg; sourceTree = "<group>"; };
		DB5048AE1CDE23CF00B2F811 /* design_model_spider.svg */ = {isa = PBXFileReference; fileEncoding = 4; lastKnownFileType = text.xml; path = design_model_spider.svg; sourceTree = "<group>"; };
		DB5048AF1CDE23CF00B2F811 /* design_model_spill_ink.svg */ = {isa = PBXFileReference; fileEncoding = 4; lastKnownFileType = text.xml; path = design_model_spill_ink.svg; sourceTree = "<group>"; };
		DB5048B01CDE23CF00B2F811 /* design_model_swing.svg */ = {isa = PBXFileReference; fileEncoding = 4; lastKnownFileType = text.xml; path = design_model_swing.svg; sourceTree = "<group>"; };
		DB5048B11CDE23CF00B2F811 /* design_model_text_1.svg */ = {isa = PBXFileReference; fileEncoding = 4; lastKnownFileType = text.xml; path = design_model_text_1.svg; sourceTree = "<group>"; };
		DB5048B21CDE23CF00B2F811 /* design_model_text_2.svg */ = {isa = PBXFileReference; fileEncoding = 4; lastKnownFileType = text.xml; path = design_model_text_2.svg; sourceTree = "<group>"; };
		DB5048B31CDE23CF00B2F811 /* design_model_text_3.svg */ = {isa = PBXFileReference; fileEncoding = 4; lastKnownFileType = text.xml; path = design_model_text_3.svg; sourceTree = "<group>"; };
		DB5048B41CDE23CF00B2F811 /* design_model_tie.svg */ = {isa = PBXFileReference; fileEncoding = 4; lastKnownFileType = text.xml; path = design_model_tie.svg; sourceTree = "<group>"; };
		DB5048B51CDE23CF00B2F811 /* design_model_tree.svg */ = {isa = PBXFileReference; fileEncoding = 4; lastKnownFileType = text.xml; path = design_model_tree.svg; sourceTree = "<group>"; };
		DB5048B61CDE23CF00B2F811 /* design_model_urban_shadow_1.svg */ = {isa = PBXFileReference; fileEncoding = 4; lastKnownFileType = text.xml; path = design_model_urban_shadow_1.svg; sourceTree = "<group>"; };
		DB5048B71CDE23CF00B2F811 /* design_model_urban_shadow_2.svg */ = {isa = PBXFileReference; fileEncoding = 4; lastKnownFileType = text.xml; path = design_model_urban_shadow_2.svg; sourceTree = "<group>"; };
		DB5048B81CDE23CF00B2F811 /* design_model_wifi.svg */ = {isa = PBXFileReference; fileEncoding = 4; lastKnownFileType = text.xml; path = design_model_wifi.svg; sourceTree = "<group>"; };
		DB5048EF1CDE32D300B2F811 /* ScaleRotateImageView.swift */ = {isa = PBXFileReference; fileEncoding = 4; lastKnownFileType = sourcecode.swift; path = ScaleRotateImageView.swift; sourceTree = "<group>"; };
		DB5048F11CDE330200B2F811 /* ScaleRotateImageView.xib */ = {isa = PBXFileReference; fileEncoding = 4; lastKnownFileType = file.xib; path = ScaleRotateImageView.xib; sourceTree = "<group>"; };
		DB656A891CABF16D008D774B /* FashionDiy.app */ = {isa = PBXFileReference; explicitFileType = wrapper.application; includeInIndex = 0; path = FashionDiy.app; sourceTree = BUILT_PRODUCTS_DIR; };
		DB7A5DD61CE4CE4700898141 /* SnapKit.xcodeproj */ = {isa = PBXFileReference; lastKnownFileType = "wrapper.pb-project"; name = SnapKit.xcodeproj; path = "../../Users/chuckchan/Desktop/SnapKit-feature-0.20.0/SnapKit.xcodeproj"; sourceTree = "<group>"; };
/* End PBXFileReference section */

/* Begin PBXFrameworksBuildPhase section */
		DB656A861CABF16D008D774B /* Frameworks */ = {
			isa = PBXFrameworksBuildPhase;
			buildActionMask = 2147483647;
			files = (
			);
			runOnlyForDeploymentPostprocessing = 0;
		};
/* End PBXFrameworksBuildPhase section */

/* Begin PBXGroup section */
		DB4E4D111CD4DA6B00B72326 /* Common */ = {
			isa = PBXGroup;
			children = (
				DB4E4D121CD4ED4000B72326 /* ClothSource.swift */,
			);
			path = Common;
			sourceTree = "<group>";
		};
		DB503A1C1CCE50020090F3B1 /* FashionDiy */ = {
			isa = PBXGroup;
			children = (
				DB4E4D111CD4DA6B00B72326 /* Common */,
				DB503A3B1CCE50F00090F3B1 /* Controller */,
				DB503A3C1CCE50F00090F3B1 /* CustomView */,
				DB503A3D1CCE50F00090F3B1 /* CustomViewController */,
				DB503A1D1CCE50020090F3B1 /* AppDelegate.swift */,
				DB503A1E1CCE50020090F3B1 /* Assets.xcassets */,
				DB503A1F1CCE50020090F3B1 /* LaunchScreen.storyboard */,
				DB503A211CCE50020090F3B1 /* Main.storyboard */,
				DB503A2A1CCE50020090F3B1 /* Info.plist */,
			);
			path = FashionDiy;
			sourceTree = "<group>";
		};
		DB503A3B1CCE50F00090F3B1 /* Controller */ = {
			isa = PBXGroup;
			children = (
				DB4E4D141CD4ED4F00B72326 /* DesignViewController.swift */,
				DB4E4D151CD4ED4F00B72326 /* HomeViewController.swift */,
				DB4E4D0F1CD4D31E00B72326 /* ClothesSetViewController.swift */,
			);
			path = Controller;
			sourceTree = "<group>";
		};
		DB503A3C1CCE50F00090F3B1 /* CustomView */ = {
			isa = PBXGroup;
			children = (
				DB4E4D201CD4ED9600B72326 /* CustomButton.swift */,
				DB4E4D181CD4ED5F00B72326 /* BottomChooseView.xib */,
				DB4E4D191CD4ED5F00B72326 /* ClothSourceCell.xib */,
				DB5048F11CDE330200B2F811 /* ScaleRotateImageView.xib */,
			);
			path = CustomView;
			sourceTree = "<group>";
		};
		DB503A3D1CCE50F00090F3B1 /* CustomViewController */ = {
			isa = PBXGroup;
			children = (
				DB5048EF1CDE32D300B2F811 /* ScaleRotateImageView.swift */,
				DB4E4D1C1CD4ED7400B72326 /* BottomChooseView.swift */,
				DB4E4D1D1CD4ED7400B72326 /* ClothSourceCell.swift */,
			);
			path = CustomViewController;
			sourceTree = "<group>";
		};
		DB5048961CDE23CF00B2F811 /* SVGFiles */ = {
			isa = PBXGroup;
			children = (
				DB5048971CDE23CF00B2F811 /* design_model_butterfly.svg */,
				DB5048981CDE23CF00B2F811 /* design_model_circle.svg */,
				DB5048991CDE23CF00B2F811 /* design_model_circle_water.svg */,
				DB50489A1CDE23CF00B2F811 /* design_model_five_triangle.svg */,
				DB50489B1CDE23CF00B2F811 /* design_model_flag.svg */,
				DB50489C1CDE23CF00B2F811 /* design_model_flower_1.svg */,
				DB50489D1CDE23CF00B2F811 /* design_model_flower_2.svg */,
				DB50489E1CDE23CF00B2F811 /* design_model_flower_3.svg */,
				DB50489F1CDE23CF00B2F811 /* design_model_heart_ballon.svg */,
				DB5048A01CDE23CF00B2F811 /* design_model_jigsaw.svg */,
				DB5048A11CDE23CF00B2F811 /* design_model_leaves_1.svg */,
				DB5048A21CDE23CF00B2F811 /* design_model_love.svg */,
				DB5048A31CDE23CF00B2F811 /* design_model_maple_leaf.svg */,
				DB5048A41CDE23CF00B2F811 /* design_model_mickey.svg */,
				DB5048A51CDE23CF00B2F811 /* design_model_mirror.svg */,
				DB5048A61CDE23CF00B2F811 /* design_model_paint.svg */,
				DB5048A71CDE23CF00B2F811 /* design_model_shape_1.svg */,
				DB5048A81CDE23CF00B2F811 /* design_model_shape_2.svg */,
				DB5048A91CDE23CF00B2F811 /* design_model_shape_3.svg */,
				DB5048AA1CDE23CF00B2F811 /* design_model_sign.svg */,
				DB5048AB1CDE23CF00B2F811 /* design_model_six_triangle.svg */,
				DB5048AC1CDE23CF00B2F811 /* design_model_snail.svg */,
				DB5048AD1CDE23CF00B2F811 /* design_model_snow_flower.svg */,
				DB5048AE1CDE23CF00B2F811 /* design_model_spider.svg */,
				DB5048AF1CDE23CF00B2F811 /* design_model_spill_ink.svg */,
				DB5048B01CDE23CF00B2F811 /* design_model_swing.svg */,
				DB5048B11CDE23CF00B2F811 /* design_model_text_1.svg */,
				DB5048B21CDE23CF00B2F811 /* design_model_text_2.svg */,
				DB5048B31CDE23CF00B2F811 /* design_model_text_3.svg */,
				DB5048B41CDE23CF00B2F811 /* design_model_tie.svg */,
				DB5048B51CDE23CF00B2F811 /* design_model_tree.svg */,
				DB5048B61CDE23CF00B2F811 /* design_model_urban_shadow_1.svg */,
				DB5048B71CDE23CF00B2F811 /* design_model_urban_shadow_2.svg */,
				DB5048B81CDE23CF00B2F811 /* design_model_wifi.svg */,
			);
			name = SVGFiles;
			path = FashionDiy/Assets.xcassets/SVGFiles;
			sourceTree = "<group>";
		};
		DB656A801CABF16D008D774B = {
			isa = PBXGroup;
			children = (
				DB7A5DD61CE4CE4700898141 /* SnapKit.xcodeproj */,
				DB5048961CDE23CF00B2F811 /* SVGFiles */,
				DB503A1C1CCE50020090F3B1 /* FashionDiy */,
				DB656A8A1CABF16D008D774B /* Products */,
			);
			sourceTree = "<group>";
		};
		DB656A8A1CABF16D008D774B /* Products */ = {
			isa = PBXGroup;
			children = (
				DB656A891CABF16D008D774B /* FashionDiy.app */,
			);
			name = Products;
			sourceTree = "<group>";
		};
		DB7A5DD71CE4CE4700898141 /* Products */ = {
			isa = PBXGroup;
			children = (
				DB7A5DE01CE4CE4700898141 /* SnapKit.framework */,
				DB7A5DE21CE4CE4700898141 /* SnapKit.framework */,
				DB7A5DE41CE4CE4700898141 /* SnapKit.framework */,
				DB7A5DE61CE4CE4700898141 /* SnapKit iOS Tests.xctest */,
				DB7A5DE81CE4CE4700898141 /* SnapKit tvOS Tests.xctest */,
				DB7A5DEA1CE4CE4700898141 /* SnapKit OSX Tests.xctest */,
			);
			name = Products;
			sourceTree = "<group>";
		};
/* End PBXGroup section */

/* Begin PBXNativeTarget section */
		DB656A881CABF16D008D774B /* FashionDiy */ = {
			isa = PBXNativeTarget;
			buildConfigurationList = DB656A9B1CABF16D008D774B /* Build configuration list for PBXNativeTarget "FashionDiy" */;
			buildPhases = (
				DB656A851CABF16D008D774B /* Sources */,
				DB656A861CABF16D008D774B /* Frameworks */,
				DB656A871CABF16D008D774B /* Resources */,
				DBBEEBF41CE4C7A5006B99B3 /* CopyFiles */,
			);
			buildRules = (
			);
			dependencies = (
				DB7A5DEC1CE4CE5C00898141 /* PBXTargetDependency */,
			);
			name = FashionDiy;
			productName = FashionDiy;
			productReference = DB656A891CABF16D008D774B /* FashionDiy.app */;
			productType = "com.apple.product-type.application";
		};
/* End PBXNativeTarget section */

/* Begin PBXProject section */
		DB656A811CABF16D008D774B /* Project object */ = {
			isa = PBXProject;
			attributes = {
				LastSwiftUpdateCheck = 0710;
				LastUpgradeCheck = 0710;
				ORGANIZATIONNAME = "chuck chan";
				TargetAttributes = {
					DB656A881CABF16D008D774B = {
						CreatedOnToolsVersion = 7.1;
						DevelopmentTeam = 328A3KDV4A;
					};
				};
			};
			buildConfigurationList = DB656A841CABF16D008D774B /* Build configuration list for PBXProject "FashionDiy" */;
			compatibilityVersion = "Xcode 3.2";
			developmentRegion = English;
			hasScannedForEncodings = 0;
			knownRegions = (
				en,
				Base,
			);
			mainGroup = DB656A801CABF16D008D774B;
			productRefGroup = DB656A8A1CABF16D008D774B /* Products */;
			projectDirPath = "";
			projectReferences = (
				{
					ProductGroup = DB7A5DD71CE4CE4700898141 /* Products */;
					ProjectRef = DB7A5DD61CE4CE4700898141 /* SnapKit.xcodeproj */;
				},
			);
			projectRoot = "";
			targets = (
				DB656A881CABF16D008D774B /* FashionDiy */,
			);
		};
/* End PBXProject section */

/* Begin PBXReferenceProxy section */
		DB7A5DE01CE4CE4700898141 /* SnapKit.framework */ = {
			isa = PBXReferenceProxy;
			fileType = wrapper.framework;
			path = SnapKit.framework;
			remoteRef = DB7A5DDF1CE4CE4700898141 /* PBXContainerItemProxy */;
			sourceTree = BUILT_PRODUCTS_DIR;
		};
		DB7A5DE21CE4CE4700898141 /* SnapKit.framework */ = {
			isa = PBXReferenceProxy;
			fileType = wrapper.framework;
			path = SnapKit.framework;
			remoteRef = DB7A5DE11CE4CE4700898141 /* PBXContainerItemProxy */;
			sourceTree = BUILT_PRODUCTS_DIR;
		};
		DB7A5DE41CE4CE4700898141 /* SnapKit.framework */ = {
			isa = PBXReferenceProxy;
			fileType = wrapper.framework;
			path = SnapKit.framework;
			remoteRef = DB7A5DE31CE4CE4700898141 /* PBXContainerItemProxy */;
			sourceTree = BUILT_PRODUCTS_DIR;
		};
		DB7A5DE61CE4CE4700898141 /* SnapKit iOS Tests.xctest */ = {
			isa = PBXReferenceProxy;
			fileType = wrapper.cfbundle;
			path = "SnapKit iOS Tests.xctest";
			remoteRef = DB7A5DE51CE4CE4700898141 /* PBXContainerItemProxy */;
			sourceTree = BUILT_PRODUCTS_DIR;
		};
		DB7A5DE81CE4CE4700898141 /* SnapKit tvOS Tests.xctest */ = {
			isa = PBXReferenceProxy;
			fileType = wrapper.cfbundle;
			path = "SnapKit tvOS Tests.xctest";
			remoteRef = DB7A5DE71CE4CE4700898141 /* PBXContainerItemProxy */;
			sourceTree = BUILT_PRODUCTS_DIR;
		};
		DB7A5DEA1CE4CE4700898141 /* SnapKit OSX Tests.xctest */ = {
			isa = PBXReferenceProxy;
			fileType = wrapper.cfbundle;
			path = "SnapKit OSX Tests.xctest";
			remoteRef = DB7A5DE91CE4CE4700898141 /* PBXContainerItemProxy */;
			sourceTree = BUILT_PRODUCTS_DIR;
		};
/* End PBXReferenceProxy section */

/* Begin PBXResourcesBuildPhase section */
		DB656A871CABF16D008D774B /* Resources */ = {
			isa = PBXResourcesBuildPhase;
			buildActionMask = 2147483647;
			files = (
				DB5048CE1CDE23CF00B2F811 /* design_model_snail.svg in Resources */,
				DB5048C31CDE23CF00B2F811 /* design_model_leaves_1.svg in Resources */,
				DB5048D41CDE23CF00B2F811 /* design_model_text_2.svg in Resources */,
				DB5048CF1CDE23CF00B2F811 /* design_model_snow_flower.svg in Resources */,
				DB5048BC1CDE23CF00B2F811 /* design_model_five_triangle.svg in Resources */,
				DB5048C01CDE23CF00B2F811 /* design_model_flower_3.svg in Resources */,
				DB5048D21CDE23CF00B2F811 /* design_model_swing.svg in Resources */,
				DB5048D81CDE23CF00B2F811 /* design_model_urban_shadow_1.svg in Resources */,
				DB5048CC1CDE23CF00B2F811 /* design_model_sign.svg in Resources */,
				DB5048BD1CDE23CF00B2F811 /* design_model_flag.svg in Resources */,
				DB5048C61CDE23CF00B2F811 /* design_model_mickey.svg in Resources */,
				DB5048D51CDE23CF00B2F811 /* design_model_text_3.svg in Resources */,
				DB5048C21CDE23CF00B2F811 /* design_model_jigsaw.svg in Resources */,
				DB5048D01CDE23CF00B2F811 /* design_model_spider.svg in Resources */,
				DB5048BA1CDE23CF00B2F811 /* design_model_circle.svg in Resources */,
				DB5048BE1CDE23CF00B2F811 /* design_model_flower_1.svg in Resources */,
				DB503A301CCE50020090F3B1 /* Main.storyboard in Resources */,
				DB5048C81CDE23CF00B2F811 /* design_model_paint.svg in Resources */,
				DB5048C41CDE23CF00B2F811 /* design_model_love.svg in Resources */,
				DB5048DA1CDE23CF00B2F811 /* design_model_wifi.svg in Resources */,
				DB5048BF1CDE23CF00B2F811 /* design_model_flower_2.svg in Resources */,
				DB503A2E1CCE50020090F3B1 /* Assets.xcassets in Resources */,
				DB5048D11CDE23CF00B2F811 /* design_model_spill_ink.svg in Resources */,
				DB503A381CCE50020090F3B1 /* Info.plist in Resources */,
				DB5048C91CDE23CF00B2F811 /* design_model_shape_1.svg in Resources */,
				DB503A2F1CCE50020090F3B1 /* LaunchScreen.storyboard in Resources */,
				DB5048BB1CDE23CF00B2F811 /* design_model_circle_water.svg in Resources */,
				DB5048D71CDE23CF00B2F811 /* design_model_tree.svg in Resources */,
				DB5048D31CDE23CF00B2F811 /* design_model_text_1.svg in Resources */,
				DB5048CA1CDE23CF00B2F811 /* design_model_shape_2.svg in Resources */,
				DB5048C71CDE23CF00B2F811 /* design_model_mirror.svg in Resources */,
				DB5048C51CDE23CF00B2F811 /* design_model_maple_leaf.svg in Resources */,
				DB5048B91CDE23CF00B2F811 /* design_model_butterfly.svg in Resources */,
				DB4E4D1A1CD4ED5F00B72326 /* BottomChooseView.xib in Resources */,
				DB5048C11CDE23CF00B2F811 /* design_model_heart_ballon.svg in Resources */,
				DB5048D91CDE23CF00B2F811 /* design_model_urban_shadow_2.svg in Resources */,
				DB5048CB1CDE23CF00B2F811 /* design_model_shape_3.svg in Resources */,
				DB5048D61CDE23CF00B2F811 /* design_model_tie.svg in Resources */,
				DB5048F21CDE330200B2F811 /* ScaleRotateImageView.xib in Resources */,
				DB4E4D1B1CD4ED5F00B72326 /* ClothSourceCell.xib in Resources */,
				DB5048CD1CDE23CF00B2F811 /* design_model_six_triangle.svg in Resources */,
			);
			runOnlyForDeploymentPostprocessing = 0;
		};
/* End PBXResourcesBuildPhase section */

/* Begin PBXSourcesBuildPhase section */
		DB656A851CABF16D008D774B /* Sources */ = {
			isa = PBXSourcesBuildPhase;
			buildActionMask = 2147483647;
			files = (
				DB4E4D1F1CD4ED7400B72326 /* ClothSourceCell.swift in Sources */,
				DB503A2D1CCE50020090F3B1 /* AppDelegate.swift in Sources */,
				DB4E4D131CD4ED4000B72326 /* ClothSource.swift in Sources */,
				DB4E4D171CD4ED4F00B72326 /* HomeViewController.swift in Sources */,
				DB5048F01CDE32D300B2F811 /* ScaleRotateImageView.swift in Sources */,
				DB4E4D211CD4ED9600B72326 /* CustomButton.swift in Sources */,
				DB4E4D161CD4ED4F00B72326 /* DesignViewController.swift in Sources */,
				DB4E4D1E1CD4ED7400B72326 /* BottomChooseView.swift in Sources */,
				DB4E4D101CD4D31E00B72326 /* ClothesSetViewController.swift in Sources */,
			);
			runOnlyForDeploymentPostprocessing = 0;
		};
/* End PBXSourcesBuildPhase section */

/* Begin PBXTargetDependency section */
		DB7A5DEC1CE4CE5C00898141 /* PBXTargetDependency */ = {
			isa = PBXTargetDependency;
			name = "SnapKit iOS";
			targetProxy = DB7A5DEB1CE4CE5C00898141 /* PBXContainerItemProxy */;
		};
/* End PBXTargetDependency section */

/* Begin PBXVariantGroup section */
		DB503A1F1CCE50020090F3B1 /* LaunchScreen.storyboard */ = {
			isa = PBXVariantGroup;
			children = (
				DB503A201CCE50020090F3B1 /* Base */,
			);
			name = LaunchScreen.storyboard;
			sourceTree = "<group>";
		};
		DB503A211CCE50020090F3B1 /* Main.storyboard */ = {
			isa = PBXVariantGroup;
			children = (
				DB503A221CCE50020090F3B1 /* Base */,
			);
			name = Main.storyboard;
			sourceTree = "<group>";
		};
/* End PBXVariantGroup section */

/* Begin XCBuildConfiguration section */
		DB656A991CABF16D008D774B /* Debug */ = {
			isa = XCBuildConfiguration;
			buildSettings = {
				ALWAYS_SEARCH_USER_PATHS = NO;
				CLANG_CXX_LANGUAGE_STANDARD = "gnu++0x";
				CLANG_CXX_LIBRARY = "libc++";
				CLANG_ENABLE_MODULES = YES;
				CLANG_ENABLE_OBJC_ARC = YES;
				CLANG_WARN_BOOL_CONVERSION = YES;
				CLANG_WARN_CONSTANT_CONVERSION = YES;
				CLANG_WARN_DIRECT_OBJC_ISA_USAGE = YES_ERROR;
				CLANG_WARN_EMPTY_BODY = YES;
				CLANG_WARN_ENUM_CONVERSION = YES;
				CLANG_WARN_INT_CONVERSION = YES;
				CLANG_WARN_OBJC_ROOT_CLASS = YES_ERROR;
				CLANG_WARN_UNREACHABLE_CODE = YES;
				CLANG_WARN__DUPLICATE_METHOD_MATCH = YES;
				"CODE_SIGN_IDENTITY[sdk=iphoneos*]" = "iPhone Developer";
				COPY_PHASE_STRIP = NO;
				DEBUG_INFORMATION_FORMAT = dwarf;
				ENABLE_STRICT_OBJC_MSGSEND = YES;
				ENABLE_TESTABILITY = YES;
				GCC_C_LANGUAGE_STANDARD = gnu99;
				GCC_DYNAMIC_NO_PIC = NO;
				GCC_NO_COMMON_BLOCKS = YES;
				GCC_OPTIMIZATION_LEVEL = 0;
				GCC_PREPROCESSOR_DEFINITIONS = (
					"DEBUG=1",
					"$(inherited)",
				);
				GCC_WARN_64_TO_32_BIT_CONVERSION = YES;
				GCC_WARN_ABOUT_RETURN_TYPE = YES_ERROR;
				GCC_WARN_UNDECLARED_SELECTOR = YES;
				GCC_WARN_UNINITIALIZED_AUTOS = YES_AGGRESSIVE;
				GCC_WARN_UNUSED_FUNCTION = YES;
				GCC_WARN_UNUSED_VARIABLE = YES;
				IPHONEOS_DEPLOYMENT_TARGET = 9.1;
				MTL_ENABLE_DEBUG_INFO = YES;
				ONLY_ACTIVE_ARCH = YES;
				OTHER_SWIFT_FLAGS = "";
				SDKROOT = iphoneos;
				SWIFT_OPTIMIZATION_LEVEL = "-Onone";
				TARGETED_DEVICE_FAMILY = "1,2";
			};
			name = Debug;
		};
		DB656A9A1CABF16D008D774B /* Release */ = {
			isa = XCBuildConfiguration;
			buildSettings = {
				ALWAYS_SEARCH_USER_PATHS = NO;
				CLANG_CXX_LANGUAGE_STANDARD = "gnu++0x";
				CLANG_CXX_LIBRARY = "libc++";
				CLANG_ENABLE_MODULES = YES;
				CLANG_ENABLE_OBJC_ARC = YES;
				CLANG_WARN_BOOL_CONVERSION = YES;
				CLANG_WARN_CONSTANT_CONVERSION = YES;
				CLANG_WARN_DIRECT_OBJC_ISA_USAGE = YES_ERROR;
				CLANG_WARN_EMPTY_BODY = YES;
				CLANG_WARN_ENUM_CONVERSION = YES;
				CLANG_WARN_INT_CONVERSION = YES;
				CLANG_WARN_OBJC_ROOT_CLASS = YES_ERROR;
				CLANG_WARN_UNREACHABLE_CODE = YES;
				CLANG_WARN__DUPLICATE_METHOD_MATCH = YES;
				"CODE_SIGN_IDENTITY[sdk=iphoneos*]" = "iPhone Developer";
				COPY_PHASE_STRIP = NO;
				DEBUG_INFORMATION_FORMAT = "dwarf-with-dsym";
				ENABLE_NS_ASSERTIONS = NO;
				ENABLE_STRICT_OBJC_MSGSEND = YES;
				GCC_C_LANGUAGE_STANDARD = gnu99;
				GCC_NO_COMMON_BLOCKS = YES;
				GCC_WARN_64_TO_32_BIT_CONVERSION = YES;
				GCC_WARN_ABOUT_RETURN_TYPE = YES_ERROR;
				GCC_WARN_UNDECLARED_SELECTOR = YES;
				GCC_WARN_UNINITIALIZED_AUTOS = YES_AGGRESSIVE;
				GCC_WARN_UNUSED_FUNCTION = YES;
				GCC_WARN_UNUSED_VARIABLE = YES;
				IPHONEOS_DEPLOYMENT_TARGET = 9.1;
				MTL_ENABLE_DEBUG_INFO = NO;
				OTHER_SWIFT_FLAGS = "";
				SDKROOT = iphoneos;
				TARGETED_DEVICE_FAMILY = "1,2";
				VALIDATE_PRODUCT = YES;
			};
			name = Release;
		};
		DB656A9C1CABF16D008D774B /* Debug */ = {
			isa = XCBuildConfiguration;
			buildSettings = {
				ASSETCATALOG_COMPILER_APPICON_NAME = AppIcon;
				INFOPLIST_FILE = FashionDiy/Info.plist;
				LD_RUNPATH_SEARCH_PATHS = "$(inherited) @executable_path/Frameworks";
				OTHER_SWIFT_FLAGS = "-DSNAPKIT_DEPLOYMENT_LEGACY";
				PRODUCT_BUNDLE_IDENTIFIER = com.chuck.FashionDiy;
				PRODUCT_NAME = "$(TARGET_NAME)";
				hfghf = "";
			};
			name = Debug;
		};
		DB656A9D1CABF16D008D774B /* Release */ = {
			isa = XCBuildConfiguration;
			buildSettings = {
				ASSETCATALOG_COMPILER_APPICON_NAME = AppIcon;
				INFOPLIST_FILE = FashionDiy/Info.plist;
				LD_RUNPATH_SEARCH_PATHS = "$(inherited) @executable_path/Frameworks";
				OTHER_SWIFT_FLAGS = "-DSNAPKIT_DEPLOYMENT_LEGACY";
				PRODUCT_BUNDLE_IDENTIFIER = com.chuck.FashionDiy;
				PRODUCT_NAME = "$(TARGET_NAME)";
				hfghf = "";
			};
			name = Release;
		};
/* End XCBuildConfiguration section */

/* Begin XCConfigurationList section */
		DB656A841CABF16D008D774B /* Build configuration list for PBXProject "FashionDiy" */ = {
			isa = XCConfigurationList;
			buildConfigurations = (
				DB656A991CABF16D008D774B /* Debug */,
				DB656A9A1CABF16D008D774B /* Release */,
			);
			defaultConfigurationIsVisible = 0;
			defaultConfigurationName = Release;
		};
		DB656A9B1CABF16D008D774B /* Build configuration list for PBXNativeTarget "FashionDiy" */ = {
			isa = XCConfigurationList;
			buildConfigurations = (
				DB656A9C1CABF16D008D774B /* Debug */,
				DB656A9D1CABF16D008D774B /* Release */,
			);
			defaultConfigurationIsVisible = 0;
			defaultConfigurationName = Release;
		};
/* End XCConfigurationList section */
	};
	rootObject = DB656A811CABF16D008D774B /* Project object */;
}
