// !$*UTF8*$!
{
	archiveVersion = 1;
	classes = {
	};
	objectVersion = 46;
	objects = {

/* Begin PBXBuildFile section */
		DB2ED9291CBE877500407793 /* ClothSource.swift in Sources */ = {isa = PBXBuildFile; fileRef = DB2ED9281CBE877500407793 /* ClothSource.swift */; };
		DB4147031CBD3626008DC090 /* FemaleDesignViewController.swift in Sources */ = {isa = PBXBuildFile; fileRef = DB4147021CBD3626008DC090 /* FemaleDesignViewController.swift */; };
		DB4436D91CB3F4FB00B280F4 /* CustomButton.swift in Sources */ = {isa = PBXBuildFile; fileRef = DB4436D81CB3F4FB00B280F4 /* CustomButton.swift */; };
		DB656A8D1CABF16D008D774B /* AppDelegate.swift in Sources */ = {isa = PBXBuildFile; fileRef = DB656A8C1CABF16D008D774B /* AppDelegate.swift */; };
		DB656A8F1CABF16D008D774B /* ViewController.swift in Sources */ = {isa = PBXBuildFile; fileRef = DB656A8E1CABF16D008D774B /* ViewController.swift */; };
		DB656A921CABF16D008D774B /* Main.storyboard in Resources */ = {isa = PBXBuildFile; fileRef = DB656A901CABF16D008D774B /* Main.storyboard */; };
		DB656A941CABF16D008D774B /* Assets.xcassets in Resources */ = {isa = PBXBuildFile; fileRef = DB656A931CABF16D008D774B /* Assets.xcassets */; };
		DB656A971CABF16D008D774B /* LaunchScreen.storyboard in Resources */ = {isa = PBXBuildFile; fileRef = DB656A951CABF16D008D774B /* LaunchScreen.storyboard */; };
		DB656A9F1CABFE92008D774B /* MaleDesignViewController.swift in Sources */ = {isa = PBXBuildFile; fileRef = DB656A9E1CABFE92008D774B /* MaleDesignViewController.swift */; };
		DBEA67871CBA92030012432E /* BottomChooseView.xib in Resources */ = {isa = PBXBuildFile; fileRef = DBEA67861CBA92030012432E /* BottomChooseView.xib */; };
		DBEA67891CBA92360012432E /* BottomChooseView.swift in Sources */ = {isa = PBXBuildFile; fileRef = DBEA67881CBA92360012432E /* BottomChooseView.swift */; };
/* End PBXBuildFile section */

/* Begin PBXFileReference section */
		DB2ED9281CBE877500407793 /* ClothSource.swift */ = {isa = PBXFileReference; fileEncoding = 4; lastKnownFileType = sourcecode.swift; path = ClothSource.swift; sourceTree = "<group>"; };
		DB4147021CBD3626008DC090 /* FemaleDesignViewController.swift */ = {isa = PBXFileReference; fileEncoding = 4; lastKnownFileType = sourcecode.swift; path = FemaleDesignViewController.swift; sourceTree = "<group>"; };
		DB4436D81CB3F4FB00B280F4 /* CustomButton.swift */ = {isa = PBXFileReference; fileEncoding = 4; lastKnownFileType = sourcecode.swift; path = CustomButton.swift; sourceTree = "<group>"; };
		DB656A891CABF16D008D774B /* FashionDiy.app */ = {isa = PBXFileReference; explicitFileType = wrapper.application; includeInIndex = 0; path = FashionDiy.app; sourceTree = BUILT_PRODUCTS_DIR; };
		DB656A8C1CABF16D008D774B /* AppDelegate.swift */ = {isa = PBXFileReference; lastKnownFileType = sourcecode.swift; path = AppDelegate.swift; sourceTree = "<group>"; };
		DB656A8E1CABF16D008D774B /* ViewController.swift */ = {isa = PBXFileReference; lastKnownFileType = sourcecode.swift; path = ViewController.swift; sourceTree = "<group>"; };
		DB656A911CABF16D008D774B /* Base */ = {isa = PBXFileReference; lastKnownFileType = file.storyboard; name = Base; path = Base.lproj/Main.storyboard; sourceTree = "<group>"; };
		DB656A931CABF16D008D774B /* Assets.xcassets */ = {isa = PBXFileReference; lastKnownFileType = folder.assetcatalog; path = Assets.xcassets; sourceTree = "<group>"; };
		DB656A961CABF16D008D774B /* Base */ = {isa = PBXFileReference; lastKnownFileType = file.storyboard; name = Base; path = Base.lproj/LaunchScreen.storyboard; sourceTree = "<group>"; };
		DB656A981CABF16D008D774B /* Info.plist */ = {isa = PBXFileReference; lastKnownFileType = text.plist.xml; path = Info.plist; sourceTree = "<group>"; };
		DB656A9E1CABFE92008D774B /* MaleDesignViewController.swift */ = {isa = PBXFileReference; fileEncoding = 4; lastKnownFileType = sourcecode.swift; path = MaleDesignViewController.swift; sourceTree = "<group>"; };
		DBEA67861CBA92030012432E /* BottomChooseView.xib */ = {isa = PBXFileReference; fileEncoding = 4; lastKnownFileType = file.xib; path = BottomChooseView.xib; sourceTree = "<group>"; };
		DBEA67881CBA92360012432E /* BottomChooseView.swift */ = {isa = PBXFileReference; fileEncoding = 4; lastKnownFileType = sourcecode.swift; path = BottomChooseView.swift; sourceTree = "<group>"; };
/* End PBXFileReference section */

/* Begin PBXFrameworksBuildPhase section */
		DB656A861CABF16D008D774B /* Frameworks */ = {
			isa = PBXFrameworksBuildPhase;
			buildActionMask = 2147483647;
			files = (
			);
			runOnlyForDeploymentPostprocessing = 0;
		};
/* End PBXFrameworksBuildPhase section */

/* Begin PBXGroup section */
		DB656A801CABF16D008D774B = {
			isa = PBXGroup;
			children = (
				DB656A8B1CABF16D008D774B /* FashionDiy */,
				DB656A8A1CABF16D008D774B /* Products */,
			);
			sourceTree = "<group>";
		};
		DB656A8A1CABF16D008D774B /* Products */ = {
			isa = PBXGroup;
			children = (
				DB656A891CABF16D008D774B /* FashionDiy.app */,
			);
			name = Products;
			sourceTree = "<group>";
		};
		DB656A8B1CABF16D008D774B /* FashionDiy */ = {
			isa = PBXGroup;
			children = (
				DB656A8C1CABF16D008D774B /* AppDelegate.swift */,
				DB656A8E1CABF16D008D774B /* ViewController.swift */,
				DB656A9E1CABFE92008D774B /* MaleDesignViewController.swift */,
				DB656A901CABF16D008D774B /* Main.storyboard */,
				DB656A931CABF16D008D774B /* Assets.xcassets */,
				DB656A951CABF16D008D774B /* LaunchScreen.storyboard */,
				DB656A981CABF16D008D774B /* Info.plist */,
				DB4436D81CB3F4FB00B280F4 /* CustomButton.swift */,
				DBEA67861CBA92030012432E /* BottomChooseView.xib */,
				DBEA67881CBA92360012432E /* BottomChooseView.swift */,
				DB4147021CBD3626008DC090 /* FemaleDesignViewController.swift */,
				DB2ED9281CBE877500407793 /* ClothSource.swift */,
			);
			path = FashionDiy;
			sourceTree = "<group>";
		};
/* End PBXGroup section */

/* Begin PBXNativeTarget section */
		DB656A881CABF16D008D774B /* FashionDiy */ = {
			isa = PBXNativeTarget;
			buildConfigurationList = DB656A9B1CABF16D008D774B /* Build configuration list for PBXNativeTarget "FashionDiy" */;
			buildPhases = (
				DB656A851CABF16D008D774B /* Sources */,
				DB656A861CABF16D008D774B /* Frameworks */,
				DB656A871CABF16D008D774B /* Resources */,
			);
			buildRules = (
			);
			dependencies = (
			);
			name = FashionDiy;
			productName = FashionDiy;
			productReference = DB656A891CABF16D008D774B /* FashionDiy.app */;
			productType = "com.apple.product-type.application";
		};
/* End PBXNativeTarget section */

/* Begin PBXProject section */
		DB656A811CABF16D008D774B /* Project object */ = {
			isa = PBXProject;
			attributes = {
				LastSwiftUpdateCheck = 0710;
				LastUpgradeCheck = 0710;
				ORGANIZATIONNAME = "chuck chan";
				TargetAttributes = {
					DB656A881CABF16D008D774B = {
						CreatedOnToolsVersion = 7.1;
						DevelopmentTeam = 328A3KDV4A;
					};
				};
			};
			buildConfigurationList = DB656A841CABF16D008D774B /* Build configuration list for PBXProject "FashionDiy" */;
			compatibilityVersion = "Xcode 3.2";
			developmentRegion = English;
			hasScannedForEncodings = 0;
			knownRegions = (
				en,
				Base,
			);
			mainGroup = DB656A801CABF16D008D774B;
			productRefGroup = DB656A8A1CABF16D008D774B /* Products */;
			projectDirPath = "";
			projectRoot = "";
			targets = (
				DB656A881CABF16D008D774B /* FashionDiy */,
			);
		};
/* End PBXProject section */

/* Begin PBXResourcesBuildPhase section */
		DB656A871CABF16D008D774B /* Resources */ = {
			isa = PBXResourcesBuildPhase;
			buildActionMask = 2147483647;
			files = (
				DB656A971CABF16D008D774B /* LaunchScreen.storyboard in Resources */,
				DB656A941CABF16D008D774B /* Assets.xcassets in Resources */,
				DBEA67871CBA92030012432E /* BottomChooseView.xib in Resources */,
				DB656A921CABF16D008D774B /* Main.storyboard in Resources */,
			);
			runOnlyForDeploymentPostprocessing = 0;
		};
/* End PBXResourcesBuildPhase section */

/* Begin PBXSourcesBuildPhase section */
		DB656A851CABF16D008D774B /* Sources */ = {
			isa = PBXSourcesBuildPhase;
			buildActionMask = 2147483647;
			files = (
				DB4436D91CB3F4FB00B280F4 /* CustomButton.swift in Sources */,
				DB656A8F1CABF16D008D774B /* ViewController.swift in Sources */,
				DB656A9F1CABFE92008D774B /* MaleDesignViewController.swift in Sources */,
				DB656A8D1CABF16D008D774B /* AppDelegate.swift in Sources */,
				DB2ED9291CBE877500407793 /* ClothSource.swift in Sources */,
				DB4147031CBD3626008DC090 /* FemaleDesignViewController.swift in Sources */,
				DBEA67891CBA92360012432E /* BottomChooseView.swift in Sources */,
			);
			runOnlyForDeploymentPostprocessing = 0;
		};
/* End PBXSourcesBuildPhase section */

/* Begin PBXVariantGroup section */
		DB656A901CABF16D008D774B /* Main.storyboard */ = {
			isa = PBXVariantGroup;
			children = (
				DB656A911CABF16D008D774B /* Base */,
			);
			name = Main.storyboard;
			sourceTree = "<group>";
		};
		DB656A951CABF16D008D774B /* LaunchScreen.storyboard */ = {
			isa = PBXVariantGroup;
			children = (
				DB656A961CABF16D008D774B /* Base */,
			);
			name = LaunchScreen.storyboard;
			sourceTree = "<group>";
		};
/* End PBXVariantGroup section */

/* Begin XCBuildConfiguration section */
		DB656A991CABF16D008D774B /* Debug */ = {
			isa = XCBuildConfiguration;
			buildSettings = {
				ALWAYS_SEARCH_USER_PATHS = NO;
				CLANG_CXX_LANGUAGE_STANDARD = "gnu++0x";
				CLANG_CXX_LIBRARY = "libc++";
				CLANG_ENABLE_MODULES = YES;
				CLANG_ENABLE_OBJC_ARC = YES;
				CLANG_WARN_BOOL_CONVERSION = YES;
				CLANG_WARN_CONSTANT_CONVERSION = YES;
				CLANG_WARN_DIRECT_OBJC_ISA_USAGE = YES_ERROR;
				CLANG_WARN_EMPTY_BODY = YES;
				CLANG_WARN_ENUM_CONVERSION = YES;
				CLANG_WARN_INT_CONVERSION = YES;
				CLANG_WARN_OBJC_ROOT_CLASS = YES_ERROR;
				CLANG_WARN_UNREACHABLE_CODE = YES;
				CLANG_WARN__DUPLICATE_METHOD_MATCH = YES;
				"CODE_SIGN_IDENTITY[sdk=iphoneos*]" = "iPhone Developer";
				COPY_PHASE_STRIP = NO;
				DEBUG_INFORMATION_FORMAT = dwarf;
				ENABLE_STRICT_OBJC_MSGSEND = YES;
				ENABLE_TESTABILITY = YES;
				GCC_C_LANGUAGE_STANDARD = gnu99;
				GCC_DYNAMIC_NO_PIC = NO;
				GCC_NO_COMMON_BLOCKS = YES;
				GCC_OPTIMIZATION_LEVEL = 0;
				GCC_PREPROCESSOR_DEFINITIONS = (
					"DEBUG=1",
					"$(inherited)",
				);
				GCC_WARN_64_TO_32_BIT_CONVERSION = YES;
				GCC_WARN_ABOUT_RETURN_TYPE = YES_ERROR;
				GCC_WARN_UNDECLARED_SELECTOR = YES;
				GCC_WARN_UNINITIALIZED_AUTOS = YES_AGGRESSIVE;
				GCC_WARN_UNUSED_FUNCTION = YES;
				GCC_WARN_UNUSED_VARIABLE = YES;
				IPHONEOS_DEPLOYMENT_TARGET = 9.1;
				MTL_ENABLE_DEBUG_INFO = YES;
				ONLY_ACTIVE_ARCH = YES;
				SDKROOT = iphoneos;
				SWIFT_OPTIMIZATION_LEVEL = "-Onone";
				TARGETED_DEVICE_FAMILY = "1,2";
			};
			name = Debug;
		};
		DB656A9A1CABF16D008D774B /* Release */ = {
			isa = XCBuildConfiguration;
			buildSettings = {
				ALWAYS_SEARCH_USER_PATHS = NO;
				CLANG_CXX_LANGUAGE_STANDARD = "gnu++0x";
				CLANG_CXX_LIBRARY = "libc++";
				CLANG_ENABLE_MODULES = YES;
				CLANG_ENABLE_OBJC_ARC = YES;
				CLANG_WARN_BOOL_CONVERSION = YES;
				CLANG_WARN_CONSTANT_CONVERSION = YES;
				CLANG_WARN_DIRECT_OBJC_ISA_USAGE = YES_ERROR;
				CLANG_WARN_EMPTY_BODY = YES;
				CLANG_WARN_ENUM_CONVERSION = YES;
				CLANG_WARN_INT_CONVERSION = YES;
				CLANG_WARN_OBJC_ROOT_CLASS = YES_ERROR;
				CLANG_WARN_UNREACHABLE_CODE = YES;
				CLANG_WARN__DUPLICATE_METHOD_MATCH = YES;
				"CODE_SIGN_IDENTITY[sdk=iphoneos*]" = "iPhone Developer";
				COPY_PHASE_STRIP = NO;
				DEBUG_INFORMATION_FORMAT = "dwarf-with-dsym";
				ENABLE_NS_ASSERTIONS = NO;
				ENABLE_STRICT_OBJC_MSGSEND = YES;
				GCC_C_LANGUAGE_STANDARD = gnu99;
				GCC_NO_COMMON_BLOCKS = YES;
				GCC_WARN_64_TO_32_BIT_CONVERSION = YES;
				GCC_WARN_ABOUT_RETURN_TYPE = YES_ERROR;
				GCC_WARN_UNDECLARED_SELECTOR = YES;
				GCC_WARN_UNINITIALIZED_AUTOS = YES_AGGRESSIVE;
				GCC_WARN_UNUSED_FUNCTION = YES;
				GCC_WARN_UNUSED_VARIABLE = YES;
				IPHONEOS_DEPLOYMENT_TARGET = 9.1;
				MTL_ENABLE_DEBUG_INFO = NO;
				SDKROOT = iphoneos;
				TARGETED_DEVICE_FAMILY = "1,2";
				VALIDATE_PRODUCT = YES;
			};
			name = Release;
		};
		DB656A9C1CABF16D008D774B /* Debug */ = {
			isa = XCBuildConfiguration;
			buildSettings = {
				ASSETCATALOG_COMPILER_APPICON_NAME = AppIcon;
				INFOPLIST_FILE = FashionDiy/Info.plist;
				LD_RUNPATH_SEARCH_PATHS = "$(inherited) @executable_path/Frameworks";
				PRODUCT_BUNDLE_IDENTIFIER = com.chuck.FashionDiy;
				PRODUCT_NAME = "$(TARGET_NAME)";
			};
			name = Debug;
		};
		DB656A9D1CABF16D008D774B /* Release */ = {
			isa = XCBuildConfiguration;
			buildSettings = {
				ASSETCATALOG_COMPILER_APPICON_NAME = AppIcon;
				INFOPLIST_FILE = FashionDiy/Info.plist;
				LD_RUNPATH_SEARCH_PATHS = "$(inherited) @executable_path/Frameworks";
				PRODUCT_BUNDLE_IDENTIFIER = com.chuck.FashionDiy;
				PRODUCT_NAME = "$(TARGET_NAME)";
			};
			name = Release;
		};
/* End XCBuildConfiguration section */

/* Begin XCConfigurationList section */
		DB656A841CABF16D008D774B /* Build configuration list for PBXProject "FashionDiy" */ = {
			isa = XCConfigurationList;
			buildConfigurations = (
				DB656A991CABF16D008D774B /* Debug */,
				DB656A9A1CABF16D008D774B /* Release */,
			);
			defaultConfigurationIsVisible = 0;
			defaultConfigurationName = Release;
		};
		DB656A9B1CABF16D008D774B /* Build configuration list for PBXNativeTarget "FashionDiy" */ = {
			isa = XCConfigurationList;
			buildConfigurations = (
				DB656A9C1CABF16D008D774B /* Debug */,
				DB656A9D1CABF16D008D774B /* Release */,
			);
			defaultConfigurationIsVisible = 0;
			defaultConfigurationName = Release;
		};
/* End XCConfigurationList section */
	};
	rootObject = DB656A811CABF16D008D774B /* Project object */;
}
