// !$*UTF8*$!
{
	archiveVersion = 1;
	classes = {
	};
	objectVersion = 46;
	objects = {

/* Begin PBXBuildFile section */
		DB4E4D101CD4D31E00B72326 /* ClothesSetViewController.swift in Sources */ = {isa = PBXBuildFile; fileRef = DB4E4D0F1CD4D31E00B72326 /* ClothesSetViewController.swift */; };
		DB503A2D1CCE50020090F3B1 /* AppDelegate.swift in Sources */ = {isa = PBXBuildFile; fileRef = DB503A1D1CCE50020090F3B1 /* AppDelegate.swift */; };
		DB503A2E1CCE50020090F3B1 /* Assets.xcassets in Resources */ = {isa = PBXBuildFile; fileRef = DB503A1E1CCE50020090F3B1 /* Assets.xcassets */; };
		DB503A2F1CCE50020090F3B1 /* LaunchScreen.storyboard in Resources */ = {isa = PBXBuildFile; fileRef = DB503A1F1CCE50020090F3B1 /* LaunchScreen.storyboard */; };
		DB503A301CCE50020090F3B1 /* Main.storyboard in Resources */ = {isa = PBXBuildFile; fileRef = DB503A211CCE50020090F3B1 /* Main.storyboard */; };
		DB503A311CCE50020090F3B1 /* BottomChooseView.swift in Sources */ = {isa = PBXBuildFile; fileRef = DB503A231CCE50020090F3B1 /* BottomChooseView.swift */; };
		DB503A321CCE50020090F3B1 /* BottomChooseView.xib in Resources */ = {isa = PBXBuildFile; fileRef = DB503A241CCE50020090F3B1 /* BottomChooseView.xib */; };
		DB503A331CCE50020090F3B1 /* ClothSource.swift in Sources */ = {isa = PBXBuildFile; fileRef = DB503A251CCE50020090F3B1 /* ClothSource.swift */; };
		DB503A341CCE50020090F3B1 /* ClothSourceCell.swift in Sources */ = {isa = PBXBuildFile; fileRef = DB503A261CCE50020090F3B1 /* ClothSourceCell.swift */; };
		DB503A351CCE50020090F3B1 /* ClothSourceCell.xib in Resources */ = {isa = PBXBuildFile; fileRef = DB503A271CCE50020090F3B1 /* ClothSourceCell.xib */; };
		DB503A361CCE50020090F3B1 /* CustomButton.swift in Sources */ = {isa = PBXBuildFile; fileRef = DB503A281CCE50020090F3B1 /* CustomButton.swift */; };
		DB503A381CCE50020090F3B1 /* Info.plist in Resources */ = {isa = PBXBuildFile; fileRef = DB503A2A1CCE50020090F3B1 /* Info.plist */; };
		DB503A391CCE50020090F3B1 /* DesignViewController.swift in Sources */ = {isa = PBXBuildFile; fileRef = DB503A2B1CCE50020090F3B1 /* DesignViewController.swift */; };
		DB503A3A1CCE50020090F3B1 /* HomeViewController.swift in Sources */ = {isa = PBXBuildFile; fileRef = DB503A2C1CCE50020090F3B1 /* HomeViewController.swift */; };
/* End PBXBuildFile section */

/* Begin PBXFileReference section */
		DB4E4D0F1CD4D31E00B72326 /* ClothesSetViewController.swift */ = {isa = PBXFileReference; fileEncoding = 4; lastKnownFileType = sourcecode.swift; path = ClothesSetViewController.swift; sourceTree = "<group>"; };
		DB503A1D1CCE50020090F3B1 /* AppDelegate.swift */ = {isa = PBXFileReference; fileEncoding = 4; lastKnownFileType = sourcecode.swift; path = AppDelegate.swift; sourceTree = "<group>"; };
		DB503A1E1CCE50020090F3B1 /* Assets.xcassets */ = {isa = PBXFileReference; lastKnownFileType = folder.assetcatalog; path = Assets.xcassets; sourceTree = "<group>"; };
		DB503A201CCE50020090F3B1 /* Base */ = {isa = PBXFileReference; lastKnownFileType = file.storyboard; name = Base; path = Base.lproj/LaunchScreen.storyboard; sourceTree = "<group>"; };
		DB503A221CCE50020090F3B1 /* Base */ = {isa = PBXFileReference; lastKnownFileType = file.storyboard; name = Base; path = Base.lproj/Main.storyboard; sourceTree = "<group>"; };
		DB503A231CCE50020090F3B1 /* BottomChooseView.swift */ = {isa = PBXFileReference; fileEncoding = 4; lastKnownFileType = sourcecode.swift; name = BottomChooseView.swift; path = ../BottomChooseView.swift; sourceTree = "<group>"; };
		DB503A241CCE50020090F3B1 /* BottomChooseView.xib */ = {isa = PBXFileReference; fileEncoding = 4; lastKnownFileType = file.xib; name = BottomChooseView.xib; path = ../BottomChooseView.xib; sourceTree = "<group>"; };
		DB503A251CCE50020090F3B1 /* ClothSource.swift */ = {isa = PBXFileReference; fileEncoding = 4; lastKnownFileType = sourcecode.swift; name = ClothSource.swift; path = ../ClothSource.swift; sourceTree = "<group>"; };
		DB503A261CCE50020090F3B1 /* ClothSourceCell.swift */ = {isa = PBXFileReference; fileEncoding = 4; lastKnownFileType = sourcecode.swift; name = ClothSourceCell.swift; path = ../ClothSourceCell.swift; sourceTree = "<group>"; };
		DB503A271CCE50020090F3B1 /* ClothSourceCell.xib */ = {isa = PBXFileReference; fileEncoding = 4; lastKnownFileType = file.xib; name = ClothSourceCell.xib; path = ../ClothSourceCell.xib; sourceTree = "<group>"; };
		DB503A281CCE50020090F3B1 /* CustomButton.swift */ = {isa = PBXFileReference; fileEncoding = 4; lastKnownFileType = sourcecode.swift; name = CustomButton.swift; path = ../CustomButton.swift; sourceTree = "<group>"; };
		DB503A2A1CCE50020090F3B1 /* Info.plist */ = {isa = PBXFileReference; fileEncoding = 4; lastKnownFileType = text.plist.xml; path = Info.plist; sourceTree = "<group>"; };
		DB503A2B1CCE50020090F3B1 /* DesignViewController.swift */ = {isa = PBXFileReference; fileEncoding = 4; lastKnownFileType = sourcecode.swift; name = DesignViewController.swift; path = ../DesignViewController.swift; sourceTree = "<group>"; };
		DB503A2C1CCE50020090F3B1 /* HomeViewController.swift */ = {isa = PBXFileReference; fileEncoding = 4; lastKnownFileType = sourcecode.swift; name = HomeViewController.swift; path = ../HomeViewController.swift; sourceTree = "<group>"; };
		DB656A891CABF16D008D774B /* FashionDiy.app */ = {isa = PBXFileReference; explicitFileType = wrapper.application; includeInIndex = 0; path = FashionDiy.app; sourceTree = BUILT_PRODUCTS_DIR; };
/* End PBXFileReference section */

/* Begin PBXFrameworksBuildPhase section */
		DB656A861CABF16D008D774B /* Frameworks */ = {
			isa = PBXFrameworksBuildPhase;
			buildActionMask = 2147483647;
			files = (
			);
			runOnlyForDeploymentPostprocessing = 0;
		};
/* End PBXFrameworksBuildPhase section */

/* Begin PBXGroup section */
		DB4E4D111CD4DA6B00B72326 /* Common */ = {
			isa = PBXGroup;
			children = (
				DB503A251CCE50020090F3B1 /* ClothSource.swift */,
			);
			path = Common;
			sourceTree = "<group>";
		};
		DB503A1C1CCE50020090F3B1 /* FashionDiy */ = {
			isa = PBXGroup;
			children = (
				DB4E4D111CD4DA6B00B72326 /* Common */,
				DB503A3B1CCE50F00090F3B1 /* Controller */,
				DB503A3C1CCE50F00090F3B1 /* CustomView */,
				DB503A3D1CCE50F00090F3B1 /* CustomViewController */,
				DB503A1D1CCE50020090F3B1 /* AppDelegate.swift */,
				DB503A1E1CCE50020090F3B1 /* Assets.xcassets */,
				DB503A1F1CCE50020090F3B1 /* LaunchScreen.storyboard */,
				DB503A211CCE50020090F3B1 /* Main.storyboard */,
				DB503A2A1CCE50020090F3B1 /* Info.plist */,
			);
			path = FashionDiy;
			sourceTree = "<group>";
		};
		DB503A3B1CCE50F00090F3B1 /* Controller */ = {
			isa = PBXGroup;
			children = (
				DB503A2B1CCE50020090F3B1 /* DesignViewController.swift */,
				DB503A2C1CCE50020090F3B1 /* HomeViewController.swift */,
				DB4E4D0F1CD4D31E00B72326 /* ClothesSetViewController.swift */,
			);
			path = Controller;
			sourceTree = "<group>";
		};
		DB503A3C1CCE50F00090F3B1 /* CustomView */ = {
			isa = PBXGroup;
			children = (
				DB503A241CCE50020090F3B1 /* BottomChooseView.xib */,
				DB503A271CCE50020090F3B1 /* ClothSourceCell.xib */,
			);
			path = CustomView;
			sourceTree = "<group>";
		};
		DB503A3D1CCE50F00090F3B1 /* CustomViewController */ = {
			isa = PBXGroup;
			children = (
				DB503A231CCE50020090F3B1 /* BottomChooseView.swift */,
				DB503A261CCE50020090F3B1 /* ClothSourceCell.swift */,
				DB503A281CCE50020090F3B1 /* CustomButton.swift */,
			);
			path = CustomViewController;
			sourceTree = "<group>";
		};
		DB656A801CABF16D008D774B = {
			isa = PBXGroup;
			children = (
				DB503A1C1CCE50020090F3B1 /* FashionDiy */,
				DB656A8A1CABF16D008D774B /* Products */,
			);
			sourceTree = "<group>";
		};
		DB656A8A1CABF16D008D774B /* Products */ = {
			isa = PBXGroup;
			children = (
				DB656A891CABF16D008D774B /* FashionDiy.app */,
			);
			name = Products;
			sourceTree = "<group>";
		};
/* End PBXGroup section */

/* Begin PBXNativeTarget section */
		DB656A881CABF16D008D774B /* FashionDiy */ = {
			isa = PBXNativeTarget;
			buildConfigurationList = DB656A9B1CABF16D008D774B /* Build configuration list for PBXNativeTarget "FashionDiy" */;
			buildPhases = (
				DB656A851CABF16D008D774B /* Sources */,
				DB656A861CABF16D008D774B /* Frameworks */,
				DB656A871CABF16D008D774B /* Resources */,
			);
			buildRules = (
			);
			dependencies = (
			);
			name = FashionDiy;
			productName = FashionDiy;
			productReference = DB656A891CABF16D008D774B /* FashionDiy.app */;
			productType = "com.apple.product-type.application";
		};
/* End PBXNativeTarget section */

/* Begin PBXProject section */
		DB656A811CABF16D008D774B /* Project object */ = {
			isa = PBXProject;
			attributes = {
				LastSwiftUpdateCheck = 0710;
				LastUpgradeCheck = 0710;
				ORGANIZATIONNAME = "chuck chan";
				TargetAttributes = {
					DB656A881CABF16D008D774B = {
						CreatedOnToolsVersion = 7.1;
						DevelopmentTeam = 328A3KDV4A;
					};
				};
			};
			buildConfigurationList = DB656A841CABF16D008D774B /* Build configuration list for PBXProject "FashionDiy" */;
			compatibilityVersion = "Xcode 3.2";
			developmentRegion = English;
			hasScannedForEncodings = 0;
			knownRegions = (
				en,
				Base,
			);
			mainGroup = DB656A801CABF16D008D774B;
			productRefGroup = DB656A8A1CABF16D008D774B /* Products */;
			projectDirPath = "";
			projectRoot = "";
			targets = (
				DB656A881CABF16D008D774B /* FashionDiy */,
			);
		};
/* End PBXProject section */

/* Begin PBXResourcesBuildPhase section */
		DB656A871CABF16D008D774B /* Resources */ = {
			isa = PBXResourcesBuildPhase;
			buildActionMask = 2147483647;
			files = (
				DB503A301CCE50020090F3B1 /* Main.storyboard in Resources */,
				DB503A2E1CCE50020090F3B1 /* Assets.xcassets in Resources */,
				DB503A381CCE50020090F3B1 /* Info.plist in Resources */,
				DB503A321CCE50020090F3B1 /* BottomChooseView.xib in Resources */,
				DB503A351CCE50020090F3B1 /* ClothSourceCell.xib in Resources */,
				DB503A2F1CCE50020090F3B1 /* LaunchScreen.storyboard in Resources */,
			);
			runOnlyForDeploymentPostprocessing = 0;
		};
/* End PBXResourcesBuildPhase section */

/* Begin PBXSourcesBuildPhase section */
		DB656A851CABF16D008D774B /* Sources */ = {
			isa = PBXSourcesBuildPhase;
			buildActionMask = 2147483647;
			files = (
				DB503A311CCE50020090F3B1 /* BottomChooseView.swift in Sources */,
				DB503A331CCE50020090F3B1 /* ClothSource.swift in Sources */,
				DB503A2D1CCE50020090F3B1 /* AppDelegate.swift in Sources */,
				DB503A391CCE50020090F3B1 /* DesignViewController.swift in Sources */,
				DB503A341CCE50020090F3B1 /* ClothSourceCell.swift in Sources */,
				DB503A3A1CCE50020090F3B1 /* HomeViewController.swift in Sources */,
				DB503A361CCE50020090F3B1 /* CustomButton.swift in Sources */,
				DB4E4D101CD4D31E00B72326 /* ClothesSetViewController.swift in Sources */,
			);
			runOnlyForDeploymentPostprocessing = 0;
		};
/* End PBXSourcesBuildPhase section */

/* Begin PBXVariantGroup section */
		DB503A1F1CCE50020090F3B1 /* LaunchScreen.storyboard */ = {
			isa = PBXVariantGroup;
			children = (
				DB503A201CCE50020090F3B1 /* Base */,
			);
			name = LaunchScreen.storyboard;
			sourceTree = "<group>";
		};
		DB503A211CCE50020090F3B1 /* Main.storyboard */ = {
			isa = PBXVariantGroup;
			children = (
				DB503A221CCE50020090F3B1 /* Base */,
			);
			name = Main.storyboard;
			sourceTree = "<group>";
		};
/* End PBXVariantGroup section */

/* Begin XCBuildConfiguration section */
		DB656A991CABF16D008D774B /* Debug */ = {
			isa = XCBuildConfiguration;
			buildSettings = {
				ALWAYS_SEARCH_USER_PATHS = NO;
				CLANG_CXX_LANGUAGE_STANDARD = "gnu++0x";
				CLANG_CXX_LIBRARY = "libc++";
				CLANG_ENABLE_MODULES = YES;
				CLANG_ENABLE_OBJC_ARC = YES;
				CLANG_WARN_BOOL_CONVERSION = YES;
				CLANG_WARN_CONSTANT_CONVERSION = YES;
				CLANG_WARN_DIRECT_OBJC_ISA_USAGE = YES_ERROR;
				CLANG_WARN_EMPTY_BODY = YES;
				CLANG_WARN_ENUM_CONVERSION = YES;
				CLANG_WARN_INT_CONVERSION = YES;
				CLANG_WARN_OBJC_ROOT_CLASS = YES_ERROR;
				CLANG_WARN_UNREACHABLE_CODE = YES;
				CLANG_WARN__DUPLICATE_METHOD_MATCH = YES;
				"CODE_SIGN_IDENTITY[sdk=iphoneos*]" = "iPhone Developer";
				COPY_PHASE_STRIP = NO;
				DEBUG_INFORMATION_FORMAT = dwarf;
				ENABLE_STRICT_OBJC_MSGSEND = YES;
				ENABLE_TESTABILITY = YES;
				GCC_C_LANGUAGE_STANDARD = gnu99;
				GCC_DYNAMIC_NO_PIC = NO;
				GCC_NO_COMMON_BLOCKS = YES;
				GCC_OPTIMIZATION_LEVEL = 0;
				GCC_PREPROCESSOR_DEFINITIONS = (
					"DEBUG=1",
					"$(inherited)",
				);
				GCC_WARN_64_TO_32_BIT_CONVERSION = YES;
				GCC_WARN_ABOUT_RETURN_TYPE = YES_ERROR;
				GCC_WARN_UNDECLARED_SELECTOR = YES;
				GCC_WARN_UNINITIALIZED_AUTOS = YES_AGGRESSIVE;
				GCC_WARN_UNUSED_FUNCTION = YES;
				GCC_WARN_UNUSED_VARIABLE = YES;
				IPHONEOS_DEPLOYMENT_TARGET = 9.1;
				MTL_ENABLE_DEBUG_INFO = YES;
				ONLY_ACTIVE_ARCH = YES;
				SDKROOT = iphoneos;
				SWIFT_OPTIMIZATION_LEVEL = "-Onone";
				TARGETED_DEVICE_FAMILY = "1,2";
			};
			name = Debug;
		};
		DB656A9A1CABF16D008D774B /* Release */ = {
			isa = XCBuildConfiguration;
			buildSettings = {
				ALWAYS_SEARCH_USER_PATHS = NO;
				CLANG_CXX_LANGUAGE_STANDARD = "gnu++0x";
				CLANG_CXX_LIBRARY = "libc++";
				CLANG_ENABLE_MODULES = YES;
				CLANG_ENABLE_OBJC_ARC = YES;
				CLANG_WARN_BOOL_CONVERSION = YES;
				CLANG_WARN_CONSTANT_CONVERSION = YES;
				CLANG_WARN_DIRECT_OBJC_ISA_USAGE = YES_ERROR;
				CLANG_WARN_EMPTY_BODY = YES;
				CLANG_WARN_ENUM_CONVERSION = YES;
				CLANG_WARN_INT_CONVERSION = YES;
				CLANG_WARN_OBJC_ROOT_CLASS = YES_ERROR;
				CLANG_WARN_UNREACHABLE_CODE = YES;
				CLANG_WARN__DUPLICATE_METHOD_MATCH = YES;
				"CODE_SIGN_IDENTITY[sdk=iphoneos*]" = "iPhone Developer";
				COPY_PHASE_STRIP = NO;
				DEBUG_INFORMATION_FORMAT = "dwarf-with-dsym";
				ENABLE_NS_ASSERTIONS = NO;
				ENABLE_STRICT_OBJC_MSGSEND = YES;
				GCC_C_LANGUAGE_STANDARD = gnu99;
				GCC_NO_COMMON_BLOCKS = YES;
				GCC_WARN_64_TO_32_BIT_CONVERSION = YES;
				GCC_WARN_ABOUT_RETURN_TYPE = YES_ERROR;
				GCC_WARN_UNDECLARED_SELECTOR = YES;
				GCC_WARN_UNINITIALIZED_AUTOS = YES_AGGRESSIVE;
				GCC_WARN_UNUSED_FUNCTION = YES;
				GCC_WARN_UNUSED_VARIABLE = YES;
				IPHONEOS_DEPLOYMENT_TARGET = 9.1;
				MTL_ENABLE_DEBUG_INFO = NO;
				SDKROOT = iphoneos;
				TARGETED_DEVICE_FAMILY = "1,2";
				VALIDATE_PRODUCT = YES;
			};
			name = Release;
		};
		DB656A9C1CABF16D008D774B /* Debug */ = {
			isa = XCBuildConfiguration;
			buildSettings = {
				ASSETCATALOG_COMPILER_APPICON_NAME = AppIcon;
				INFOPLIST_FILE = FashionDiy/Info.plist;
				LD_RUNPATH_SEARCH_PATHS = "$(inherited) @executable_path/Frameworks";
				PRODUCT_BUNDLE_IDENTIFIER = com.chuck.FashionDiy;
				PRODUCT_NAME = "$(TARGET_NAME)";
			};
			name = Debug;
		};
		DB656A9D1CABF16D008D774B /* Release */ = {
			isa = XCBuildConfiguration;
			buildSettings = {
				ASSETCATALOG_COMPILER_APPICON_NAME = AppIcon;
				INFOPLIST_FILE = FashionDiy/Info.plist;
				LD_RUNPATH_SEARCH_PATHS = "$(inherited) @executable_path/Frameworks";
				PRODUCT_BUNDLE_IDENTIFIER = com.chuck.FashionDiy;
				PRODUCT_NAME = "$(TARGET_NAME)";
			};
			name = Release;
		};
/* End XCBuildConfiguration section */

/* Begin XCConfigurationList section */
		DB656A841CABF16D008D774B /* Build configuration list for PBXProject "FashionDiy" */ = {
			isa = XCConfigurationList;
			buildConfigurations = (
				DB656A991CABF16D008D774B /* Debug */,
				DB656A9A1CABF16D008D774B /* Release */,
			);
			defaultConfigurationIsVisible = 0;
			defaultConfigurationName = Release;
		};
		DB656A9B1CABF16D008D774B /* Build configuration list for PBXNativeTarget "FashionDiy" */ = {
			isa = XCConfigurationList;
			buildConfigurations = (
				DB656A9C1CABF16D008D774B /* Debug */,
				DB656A9D1CABF16D008D774B /* Release */,
			);
			defaultConfigurationIsVisible = 0;
			defaultConfigurationName = Release;
		};
/* End XCConfigurationList section */
	};
	rootObject = DB656A811CABF16D008D774B /* Project object */;
}
